
Microsoft Visual Studio Solution File, Format Version 12.00
# Visual Studio 15
VisualStudioVersion = 15.0.28307.271
MinimumVisualStudioVersion = 10.0.40219.1
Project("{FAE04EC0-301F-11D3-BF4B-00C04F79EFBC}") = "curdwithef", "curdwithef\curdwithef.csproj", "{017EC7A4-C0D6-4EA2-9D0A-9FF2925B2F3D}"
EndProject
Global
	GlobalSection(SolutionConfigurationPlatforms) = preSolution
		Debug|Any CPU = Debug|Any CPU
		Release|Any CPU = Release|Any CPU
	EndGlobalSection
	GlobalSection(ProjectConfigurationPlatforms) = postSolution
		{017EC7A4-C0D6-4EA2-9D0A-9FF2925B2F3D}.Debug|Any CPU.ActiveCfg = Debug|Any CPU
		{017EC7A4-C0D6-4EA2-9D0A-9FF2925B2F3D}.Debug|Any CPU.Build.0 = Debug|Any CPU
		{017EC7A4-C0D6-4EA2-9D0A-9FF2925B2F3D}.Release|Any CPU.ActiveCfg = Release|Any CPU
		{017EC7A4-C0D6-4EA2-9D0A-9FF2925B2F3D}.Release|Any CPU.Build.0 = Release|Any CPU
	EndGlobalSection
	GlobalSection(SolutionProperties) = preSolution
		HideSolutionNode = FALSE
	EndGlobalSection
	GlobalSection(ExtensibilityGlobals) = postSolution
		SolutionGuid = {B6EB7787-DAD2-495D-B0B5-4E663C9820F7}
	EndGlobalSection
EndGlobal
